
Microsoft Visual Studio Solution File, Format Version 12.00
# Visual Studio Version 17
VisualStudioVersion = 17.5.33627.172
MinimumVisualStudioVersion = 10.0.40219.1
Project("{FAE04EC0-301F-11D3-BF4B-00C04F79EFBC}") = "NiuX.Utils", "NiuX.Utils\NiuX.Utils.csproj", "{8B0D4BD1-A662-45F1-A55F-B83BBAE71E84}"
EndProject
Project("{2150E333-8FDC-42A3-9474-1A3956D46DE8}") = "Solution Items", "Solution Items", "{97780BC7-8824-450A-B0B4-867D87891680}"
	ProjectSection(SolutionItems) = preProject
		.editorconfig = .editorconfig
	EndProjectSection
EndProject
Global
	GlobalSection(SolutionConfigurationPlatforms) = preSolution
		Debug|Any CPU = Debug|Any CPU
		Release|Any CPU = Release|Any CPU
	EndGlobalSection
	GlobalSection(ProjectConfigurationPlatforms) = postSolution
		{8B0D4BD1-A662-45F1-A55F-B83BBAE71E84}.Debug|Any CPU.ActiveCfg = Debug|Any CPU
		{8B0D4BD1-A662-45F1-A55F-B83BBAE71E84}.Debug|Any CPU.Build.0 = Debug|Any CPU
		{8B0D4BD1-A662-45F1-A55F-B83BBAE71E84}.Release|Any CPU.ActiveCfg = Release|Any CPU
		{8B0D4BD1-A662-45F1-A55F-B83BBAE71E84}.Release|Any CPU.Build.0 = Release|Any CPU
	EndGlobalSection
	GlobalSection(SolutionProperties) = preSolution
		HideSolutionNode = FALSE
	EndGlobalSection
	GlobalSection(ExtensibilityGlobals) = postSolution
		SolutionGuid = {171F836F-A029-499D-AE5E-78E082C21E85}
	EndGlobalSection
EndGlobal
